// !$*UTF8*$!
{
	archiveVersion = 1;
	classes = {
	};
	objectVersion = 56;
	objects = {

/* Begin PBXBuildFile section */
		871327C62B2E2AB4008A5987 /* HelpImageView.swift in Sources */ = {isa = PBXBuildFile; fileRef = 871327C52B2E2AB4008A5987 /* HelpImageView.swift */; };
		871327CB2B2E38EE008A5987 /* UserTask+CoreDataClass.swift in Sources */ = {isa = PBXBuildFile; fileRef = 871327C92B2E38EE008A5987 /* UserTask+CoreDataClass.swift */; };
		871327CC2B2E38EE008A5987 /* UserTask+CoreDataProperties.swift in Sources */ = {isa = PBXBuildFile; fileRef = 871327CA2B2E38EE008A5987 /* UserTask+CoreDataProperties.swift */; };
		8718FC912B2BA646002CB8FA /* SettingView.swift in Sources */ = {isa = PBXBuildFile; fileRef = 8718FC902B2BA646002CB8FA /* SettingView.swift */; };
		871C54082B20F2B2000F3825 /* TaskRowView.swift in Sources */ = {isa = PBXBuildFile; fileRef = 871C54072B20F2B2000F3825 /* TaskRowView.swift */; };
		874EFC132B3B4F68003C265C /* EmptyItemView.swift in Sources */ = {isa = PBXBuildFile; fileRef = 874EFC122B3B4F68003C265C /* EmptyItemView.swift */; };
		879CD6C82B2A1DA5009B6B44 /* HomeView.swift in Sources */ = {isa = PBXBuildFile; fileRef = 879CD6C72B2A1DA5009B6B44 /* HomeView.swift */; };
		87B147F02B1D5D52004AF0AD /* UserGoal+CoreDataClass.swift in Sources */ = {isa = PBXBuildFile; fileRef = 87B147EE2B1D5D52004AF0AD /* UserGoal+CoreDataClass.swift */; };
		87B147F12B1D5D52004AF0AD /* UserGoal+CoreDataProperties.swift in Sources */ = {isa = PBXBuildFile; fileRef = 87B147EF2B1D5D52004AF0AD /* UserGoal+CoreDataProperties.swift */; };
		87CF1D482B1811BF00F279D2 /* ZeroInboxV2App.swift in Sources */ = {isa = PBXBuildFile; fileRef = 87CF1D472B1811BF00F279D2 /* ZeroInboxV2App.swift */; };
		87CF1D4C2B1811C000F279D2 /* Assets.xcassets in Resources */ = {isa = PBXBuildFile; fileRef = 87CF1D4B2B1811C000F279D2 /* Assets.xcassets */; };
		87CF1D4F2B1811C000F279D2 /* Preview Assets.xcassets in Resources */ = {isa = PBXBuildFile; fileRef = 87CF1D4E2B1811C000F279D2 /* Preview Assets.xcassets */; };
		87CF1D562B1811E600F279D2 /* EditTaskView.swift in Sources */ = {isa = PBXBuildFile; fileRef = 87CF1D552B1811E600F279D2 /* EditTaskView.swift */; };
		87CF1D582B1811FB00F279D2 /* EditGoalView.swift in Sources */ = {isa = PBXBuildFile; fileRef = 87CF1D572B1811FB00F279D2 /* EditGoalView.swift */; };
		87CF1D5A2B18121100F279D2 /* AllTaskView.swift in Sources */ = {isa = PBXBuildFile; fileRef = 87CF1D592B18121100F279D2 /* AllTaskView.swift */; };
		87CF1D5C2B18121E00F279D2 /* AllGoalView.swift in Sources */ = {isa = PBXBuildFile; fileRef = 87CF1D5B2B18121E00F279D2 /* AllGoalView.swift */; };
		87CF1D5E2B18122900F279D2 /* MainView.swift in Sources */ = {isa = PBXBuildFile; fileRef = 87CF1D5D2B18122900F279D2 /* MainView.swift */; };
		87CF1D632B1812E100F279D2 /* ZeroInbox.xcdatamodeld in Sources */ = {isa = PBXBuildFile; fileRef = 87CF1D612B1812E100F279D2 /* ZeroInbox.xcdatamodeld */; };
		87CF1D652B1813BA00F279D2 /* AppModel.swift in Sources */ = {isa = PBXBuildFile; fileRef = 87CF1D642B1813BA00F279D2 /* AppModel.swift */; };
		87CF1D6C2B181F6C00F279D2 /* UserCompleteGoal+CoreDataClass.swift in Sources */ = {isa = PBXBuildFile; fileRef = 87CF1D662B181F6C00F279D2 /* UserCompleteGoal+CoreDataClass.swift */; };
		87CF1D6D2B181F6C00F279D2 /* UserCompleteGoal+CoreDataProperties.swift in Sources */ = {isa = PBXBuildFile; fileRef = 87CF1D672B181F6C00F279D2 /* UserCompleteGoal+CoreDataProperties.swift */; };
		87CF5F8F2B57D37B0050BE2F /* products.storekit in Resources */ = {isa = PBXBuildFile; fileRef = 87CF5F8E2B57D37B0050BE2F /* products.storekit */; };
/* End PBXBuildFile section */

/* Begin PBXFileReference section */
		871327C52B2E2AB4008A5987 /* HelpImageView.swift */ = {isa = PBXFileReference; lastKnownFileType = sourcecode.swift; path = HelpImageView.swift; sourceTree = "<group>"; };
		871327C92B2E38EE008A5987 /* UserTask+CoreDataClass.swift */ = {isa = PBXFileReference; lastKnownFileType = sourcecode.swift; path = "UserTask+CoreDataClass.swift"; sourceTree = SOURCE_ROOT; };
		871327CA2B2E38EE008A5987 /* UserTask+CoreDataProperties.swift */ = {isa = PBXFileReference; lastKnownFileType = sourcecode.swift; path = "UserTask+CoreDataProperties.swift"; sourceTree = SOURCE_ROOT; };
		8718FC902B2BA646002CB8FA /* SettingView.swift */ = {isa = PBXFileReference; lastKnownFileType = sourcecode.swift; path = SettingView.swift; sourceTree = "<group>"; };
		871C54072B20F2B2000F3825 /* TaskRowView.swift */ = {isa = PBXFileReference; lastKnownFileType = sourcecode.swift; path = TaskRowView.swift; sourceTree = "<group>"; };
		874EFC122B3B4F68003C265C /* EmptyItemView.swift */ = {isa = PBXFileReference; lastKnownFileType = sourcecode.swift; path = EmptyItemView.swift; sourceTree = "<group>"; };
		879CD6C72B2A1DA5009B6B44 /* HomeView.swift */ = {isa = PBXFileReference; lastKnownFileType = sourcecode.swift; path = HomeView.swift; sourceTree = "<group>"; };
		87B147EE2B1D5D52004AF0AD /* UserGoal+CoreDataClass.swift */ = {isa = PBXFileReference; lastKnownFileType = sourcecode.swift; path = "UserGoal+CoreDataClass.swift"; sourceTree = SOURCE_ROOT; };
		87B147EF2B1D5D52004AF0AD /* UserGoal+CoreDataProperties.swift */ = {isa = PBXFileReference; lastKnownFileType = sourcecode.swift; path = "UserGoal+CoreDataProperties.swift"; sourceTree = SOURCE_ROOT; };
		87CF1D442B1811BF00F279D2 /* ZeroInboxV2.app */ = {isa = PBXFileReference; explicitFileType = wrapper.application; includeInIndex = 0; path = ZeroInboxV2.app; sourceTree = BUILT_PRODUCTS_DIR; };
		87CF1D472B1811BF00F279D2 /* ZeroInboxV2App.swift */ = {isa = PBXFileReference; lastKnownFileType = sourcecode.swift; path = ZeroInboxV2App.swift; sourceTree = "<group>"; };
		87CF1D4B2B1811C000F279D2 /* Assets.xcassets */ = {isa = PBXFileReference; lastKnownFileType = folder.assetcatalog; path = Assets.xcassets; sourceTree = "<group>"; };
		87CF1D4E2B1811C000F279D2 /* Preview Assets.xcassets */ = {isa = PBXFileReference; lastKnownFileType = folder.assetcatalog; path = "Preview Assets.xcassets"; sourceTree = "<group>"; };
		87CF1D552B1811E600F279D2 /* EditTaskView.swift */ = {isa = PBXFileReference; lastKnownFileType = sourcecode.swift; path = EditTaskView.swift; sourceTree = "<group>"; };
		87CF1D572B1811FB00F279D2 /* EditGoalView.swift */ = {isa = PBXFileReference; lastKnownFileType = sourcecode.swift; path = EditGoalView.swift; sourceTree = "<group>"; };
		87CF1D592B18121100F279D2 /* AllTaskView.swift */ = {isa = PBXFileReference; lastKnownFileType = sourcecode.swift; path = AllTaskView.swift; sourceTree = "<group>"; };
		87CF1D5B2B18121E00F279D2 /* AllGoalView.swift */ = {isa = PBXFileReference; lastKnownFileType = sourcecode.swift; path = AllGoalView.swift; sourceTree = "<group>"; };
		87CF1D5D2B18122900F279D2 /* MainView.swift */ = {isa = PBXFileReference; lastKnownFileType = sourcecode.swift; path = MainView.swift; sourceTree = "<group>"; };
		87CF1D622B1812E100F279D2 /* ZeroInbox.xcdatamodel */ = {isa = PBXFileReference; lastKnownFileType = wrapper.xcdatamodel; path = ZeroInbox.xcdatamodel; sourceTree = "<group>"; };
		87CF1D642B1813BA00F279D2 /* AppModel.swift */ = {isa = PBXFileReference; lastKnownFileType = sourcecode.swift; path = AppModel.swift; sourceTree = "<group>"; };
		87CF1D662B181F6C00F279D2 /* UserCompleteGoal+CoreDataClass.swift */ = {isa = PBXFileReference; lastKnownFileType = sourcecode.swift; path = "UserCompleteGoal+CoreDataClass.swift"; sourceTree = SOURCE_ROOT; };
		87CF1D672B181F6C00F279D2 /* UserCompleteGoal+CoreDataProperties.swift */ = {isa = PBXFileReference; lastKnownFileType = sourcecode.swift; path = "UserCompleteGoal+CoreDataProperties.swift"; sourceTree = SOURCE_ROOT; };
		87CF5F8E2B57D37B0050BE2F /* products.storekit */ = {isa = PBXFileReference; lastKnownFileType = text; path = products.storekit; sourceTree = "<group>"; };
/* End PBXFileReference section */

/* Begin PBXFrameworksBuildPhase section */
		87CF1D412B1811BF00F279D2 /* Frameworks */ = {
			isa = PBXFrameworksBuildPhase;
			buildActionMask = 2147483647;
			files = (
			);
			runOnlyForDeploymentPostprocessing = 0;
		};
/* End PBXFrameworksBuildPhase section */

/* Begin PBXGroup section */
		871327C42B2E2A80008A5987 /* Utils */ = {
			isa = PBXGroup;
			children = (
				871327C52B2E2AB4008A5987 /* HelpImageView.swift */,
			);
			path = Utils;
			sourceTree = "<group>";
		};
		87CF1D3B2B1811BF00F279D2 = {
			isa = PBXGroup;
			children = (
				87CF1D462B1811BF00F279D2 /* ZeroInboxV2 */,
				87CF1D452B1811BF00F279D2 /* Products */,
			);
			sourceTree = "<group>";
		};
		87CF1D452B1811BF00F279D2 /* Products */ = {
			isa = PBXGroup;
			children = (
				87CF1D442B1811BF00F279D2 /* ZeroInboxV2.app */,
			);
			name = Products;
			sourceTree = "<group>";
		};
		87CF1D462B1811BF00F279D2 /* ZeroInboxV2 */ = {
			isa = PBXGroup;
			children = (
				87CF1D472B1811BF00F279D2 /* ZeroInboxV2App.swift */,
				87CF1D602B18124800F279D2 /* Model */,
				87CF1D5F2B18123000F279D2 /* View */,
				871327C42B2E2A80008A5987 /* Utils */,
				87CF1D4D2B1811C000F279D2 /* Preview Content */,
				87CF1D4B2B1811C000F279D2 /* Assets.xcassets */,
				87CF1D612B1812E100F279D2 /* ZeroInbox.xcdatamodeld */,
				87CF5F8E2B57D37B0050BE2F /* products.storekit */,
			);
			path = ZeroInboxV2;
			sourceTree = "<group>";
		};
		87CF1D4D2B1811C000F279D2 /* Preview Content */ = {
			isa = PBXGroup;
			children = (
				87CF1D4E2B1811C000F279D2 /* Preview Assets.xcassets */,
			);
			path = "Preview Content";
			sourceTree = "<group>";
		};
		87CF1D5F2B18123000F279D2 /* View */ = {
			isa = PBXGroup;
			children = (
				87CF1D5D2B18122900F279D2 /* MainView.swift */,
				87CF1D552B1811E600F279D2 /* EditTaskView.swift */,
				87CF1D592B18121100F279D2 /* AllTaskView.swift */,
				87CF1D572B1811FB00F279D2 /* EditGoalView.swift */,
				87CF1D5B2B18121E00F279D2 /* AllGoalView.swift */,
				871C54072B20F2B2000F3825 /* TaskRowView.swift */,
				879CD6C72B2A1DA5009B6B44 /* HomeView.swift */,
				8718FC902B2BA646002CB8FA /* SettingView.swift */,
				874EFC122B3B4F68003C265C /* EmptyItemView.swift */,
			);
			path = View;
			sourceTree = "<group>";
		};
		87CF1D602B18124800F279D2 /* Model */ = {
			isa = PBXGroup;
			children = (
				87CF1D642B1813BA00F279D2 /* AppModel.swift */,
				871327C92B2E38EE008A5987 /* UserTask+CoreDataClass.swift */,
				871327CA2B2E38EE008A5987 /* UserTask+CoreDataProperties.swift */,
				87B147EE2B1D5D52004AF0AD /* UserGoal+CoreDataClass.swift */,
				87B147EF2B1D5D52004AF0AD /* UserGoal+CoreDataProperties.swift */,
				87CF1D662B181F6C00F279D2 /* UserCompleteGoal+CoreDataClass.swift */,
				87CF1D672B181F6C00F279D2 /* UserCompleteGoal+CoreDataProperties.swift */,
			);
			path = Model;
			sourceTree = "<group>";
		};
/* End PBXGroup section */

/* Begin PBXNativeTarget section */
		87CF1D432B1811BF00F279D2 /* ZeroInboxV2 */ = {
			isa = PBXNativeTarget;
			buildConfigurationList = 87CF1D522B1811C000F279D2 /* Build configuration list for PBXNativeTarget "ZeroInboxV2" */;
			buildPhases = (
				87CF1D402B1811BF00F279D2 /* Sources */,
				87CF1D412B1811BF00F279D2 /* Frameworks */,
				87CF1D422B1811BF00F279D2 /* Resources */,
			);
			buildRules = (
			);
			dependencies = (
			);
			name = ZeroInboxV2;
			productName = ZeroInboxV2;
			productReference = 87CF1D442B1811BF00F279D2 /* ZeroInboxV2.app */;
			productType = "com.apple.product-type.application";
		};
/* End PBXNativeTarget section */

/* Begin PBXProject section */
		87CF1D3C2B1811BF00F279D2 /* Project object */ = {
			isa = PBXProject;
			attributes = {
				BuildIndependentTargetsInParallel = 1;
				LastSwiftUpdateCheck = 1500;
				LastUpgradeCheck = 1500;
				TargetAttributes = {
					87CF1D432B1811BF00F279D2 = {
						CreatedOnToolsVersion = 15.0.1;
					};
				};
			};
			buildConfigurationList = 87CF1D3F2B1811BF00F279D2 /* Build configuration list for PBXProject "ZeroInboxV2" */;
			compatibilityVersion = "Xcode 14.0";
			developmentRegion = en;
			hasScannedForEncodings = 0;
			knownRegions = (
				en,
				Base,
			);
			mainGroup = 87CF1D3B2B1811BF00F279D2;
			productRefGroup = 87CF1D452B1811BF00F279D2 /* Products */;
			projectDirPath = "";
			projectRoot = "";
			targets = (
				87CF1D432B1811BF00F279D2 /* ZeroInboxV2 */,
			);
		};
/* End PBXProject section */

/* Begin PBXResourcesBuildPhase section */
		87CF1D422B1811BF00F279D2 /* Resources */ = {
			isa = PBXResourcesBuildPhase;
			buildActionMask = 2147483647;
			files = (
				87CF1D4F2B1811C000F279D2 /* Preview Assets.xcassets in Resources */,
				87CF5F8F2B57D37B0050BE2F /* products.storekit in Resources */,
				87CF1D4C2B1811C000F279D2 /* Assets.xcassets in Resources */,
			);
			runOnlyForDeploymentPostprocessing = 0;
		};
/* End PBXResourcesBuildPhase section */

/* Begin PBXSourcesBuildPhase section */
		87CF1D402B1811BF00F279D2 /* Sources */ = {
			isa = PBXSourcesBuildPhase;
			buildActionMask = 2147483647;
			files = (
				87CF1D6C2B181F6C00F279D2 /* UserCompleteGoal+CoreDataClass.swift in Sources */,
				8718FC912B2BA646002CB8FA /* SettingView.swift in Sources */,
				87CF1D562B1811E600F279D2 /* EditTaskView.swift in Sources */,
				871327C62B2E2AB4008A5987 /* HelpImageView.swift in Sources */,
				871C54082B20F2B2000F3825 /* TaskRowView.swift in Sources */,
				874EFC132B3B4F68003C265C /* EmptyItemView.swift in Sources */,
				87B147F12B1D5D52004AF0AD /* UserGoal+CoreDataProperties.swift in Sources */,
				87CF1D6D2B181F6C00F279D2 /* UserCompleteGoal+CoreDataProperties.swift in Sources */,
				879CD6C82B2A1DA5009B6B44 /* HomeView.swift in Sources */,
				87CF1D5E2B18122900F279D2 /* MainView.swift in Sources */,
				87CF1D5C2B18121E00F279D2 /* AllGoalView.swift in Sources */,
				87CF1D652B1813BA00F279D2 /* AppModel.swift in Sources */,
				871327CC2B2E38EE008A5987 /* UserTask+CoreDataProperties.swift in Sources */,
				87B147F02B1D5D52004AF0AD /* UserGoal+CoreDataClass.swift in Sources */,
				871327CB2B2E38EE008A5987 /* UserTask+CoreDataClass.swift in Sources */,
				87CF1D632B1812E100F279D2 /* ZeroInbox.xcdatamodeld in Sources */,
				87CF1D5A2B18121100F279D2 /* AllTaskView.swift in Sources */,
				87CF1D582B1811FB00F279D2 /* EditGoalView.swift in Sources */,
				87CF1D482B1811BF00F279D2 /* ZeroInboxV2App.swift in Sources */,
			);
			runOnlyForDeploymentPostprocessing = 0;
		};
/* End PBXSourcesBuildPhase section */

/* Begin XCBuildConfiguration section */
		87CF1D502B1811C000F279D2 /* Debug */ = {
			isa = XCBuildConfiguration;
			buildSettings = {
				ALWAYS_SEARCH_USER_PATHS = NO;
				ASSETCATALOG_COMPILER_GENERATE_SWIFT_ASSET_SYMBOL_EXTENSIONS = YES;
				CLANG_ANALYZER_NONNULL = YES;
				CLANG_ANALYZER_NUMBER_OBJECT_CONVERSION = YES_AGGRESSIVE;
				CLANG_CXX_LANGUAGE_STANDARD = "gnu++20";
				CLANG_ENABLE_MODULES = YES;
				CLANG_ENABLE_OBJC_ARC = YES;
				CLANG_ENABLE_OBJC_WEAK = YES;
				CLANG_WARN_BLOCK_CAPTURE_AUTORELEASING = YES;
				CLANG_WARN_BOOL_CONVERSION = YES;
				CLANG_WARN_COMMA = YES;
				CLANG_WARN_CONSTANT_CONVERSION = YES;
				CLANG_WARN_DEPRECATED_OBJC_IMPLEMENTATIONS = YES;
				CLANG_WARN_DIRECT_OBJC_ISA_USAGE = YES_ERROR;
				CLANG_WARN_DOCUMENTATION_COMMENTS = YES;
				CLANG_WARN_EMPTY_BODY = YES;
				CLANG_WARN_ENUM_CONVERSION = YES;
				CLANG_WARN_INFINITE_RECURSION = YES;
				CLANG_WARN_INT_CONVERSION = YES;
				CLANG_WARN_NON_LITERAL_NULL_CONVERSION = YES;
				CLANG_WARN_OBJC_IMPLICIT_RETAIN_SELF = YES;
				CLANG_WARN_OBJC_LITERAL_CONVERSION = YES;
				CLANG_WARN_OBJC_ROOT_CLASS = YES_ERROR;
				CLANG_WARN_QUOTED_INCLUDE_IN_FRAMEWORK_HEADER = YES;
				CLANG_WARN_RANGE_LOOP_ANALYSIS = YES;
				CLANG_WARN_STRICT_PROTOTYPES = YES;
				CLANG_WARN_SUSPICIOUS_MOVE = YES;
				CLANG_WARN_UNGUARDED_AVAILABILITY = YES_AGGRESSIVE;
				CLANG_WARN_UNREACHABLE_CODE = YES;
				CLANG_WARN__DUPLICATE_METHOD_MATCH = YES;
				COPY_PHASE_STRIP = NO;
				DEBUG_INFORMATION_FORMAT = dwarf;
				ENABLE_STRICT_OBJC_MSGSEND = YES;
				ENABLE_TESTABILITY = YES;
				ENABLE_USER_SCRIPT_SANDBOXING = YES;
				GCC_C_LANGUAGE_STANDARD = gnu17;
				GCC_DYNAMIC_NO_PIC = NO;
				GCC_NO_COMMON_BLOCKS = YES;
				GCC_OPTIMIZATION_LEVEL = 0;
				GCC_PREPROCESSOR_DEFINITIONS = (
					"DEBUG=1",
					"$(inherited)",
				);
				GCC_WARN_64_TO_32_BIT_CONVERSION = YES;
				GCC_WARN_ABOUT_RETURN_TYPE = YES_ERROR;
				GCC_WARN_UNDECLARED_SELECTOR = YES;
				GCC_WARN_UNINITIALIZED_AUTOS = YES_AGGRESSIVE;
				GCC_WARN_UNUSED_FUNCTION = YES;
				GCC_WARN_UNUSED_VARIABLE = YES;
				IPHONEOS_DEPLOYMENT_TARGET = 17.0;
				LOCALIZATION_PREFERS_STRING_CATALOGS = YES;
				MTL_ENABLE_DEBUG_INFO = INCLUDE_SOURCE;
				MTL_FAST_MATH = YES;
				ONLY_ACTIVE_ARCH = YES;
				SDKROOT = iphoneos;
				SWIFT_ACTIVE_COMPILATION_CONDITIONS = "DEBUG $(inherited)";
				SWIFT_OPTIMIZATION_LEVEL = "-Onone";
			};
			name = Debug;
		};
		87CF1D512B1811C000F279D2 /* Release */ = {
			isa = XCBuildConfiguration;
			buildSettings = {
				ALWAYS_SEARCH_USER_PATHS = NO;
				ASSETCATALOG_COMPILER_GENERATE_SWIFT_ASSET_SYMBOL_EXTENSIONS = YES;
				CLANG_ANALYZER_NONNULL = YES;
				CLANG_ANALYZER_NUMBER_OBJECT_CONVERSION = YES_AGGRESSIVE;
				CLANG_CXX_LANGUAGE_STANDARD = "gnu++20";
				CLANG_ENABLE_MODULES = YES;
				CLANG_ENABLE_OBJC_ARC = YES;
				CLANG_ENABLE_OBJC_WEAK = YES;
				CLANG_WARN_BLOCK_CAPTURE_AUTORELEASING = YES;
				CLANG_WARN_BOOL_CONVERSION = YES;
				CLANG_WARN_COMMA = YES;
				CLANG_WARN_CONSTANT_CONVERSION = YES;
				CLANG_WARN_DEPRECATED_OBJC_IMPLEMENTATIONS = YES;
				CLANG_WARN_DIRECT_OBJC_ISA_USAGE = YES_ERROR;
				CLANG_WARN_DOCUMENTATION_COMMENTS = YES;
				CLANG_WARN_EMPTY_BODY = YES;
				CLANG_WARN_ENUM_CONVERSION = YES;
				CLANG_WARN_INFINITE_RECURSION = YES;
				CLANG_WARN_INT_CONVERSION = YES;
				CLANG_WARN_NON_LITERAL_NULL_CONVERSION = YES;
				CLANG_WARN_OBJC_IMPLICIT_RETAIN_SELF = YES;
				CLANG_WARN_OBJC_LITERAL_CONVERSION = YES;
				CLANG_WARN_OBJC_ROOT_CLASS = YES_ERROR;
				CLANG_WARN_QUOTED_INCLUDE_IN_FRAMEWORK_HEADER = YES;
				CLANG_WARN_RANGE_LOOP_ANALYSIS = YES;
				CLANG_WARN_STRICT_PROTOTYPES = YES;
				CLANG_WARN_SUSPICIOUS_MOVE = YES;
				CLANG_WARN_UNGUARDED_AVAILABILITY = YES_AGGRESSIVE;
				CLANG_WARN_UNREACHABLE_CODE = YES;
				CLANG_WARN__DUPLICATE_METHOD_MATCH = YES;
				COPY_PHASE_STRIP = NO;
				DEBUG_INFORMATION_FORMAT = "dwarf-with-dsym";
				ENABLE_NS_ASSERTIONS = NO;
				ENABLE_STRICT_OBJC_MSGSEND = YES;
				ENABLE_USER_SCRIPT_SANDBOXING = YES;
				GCC_C_LANGUAGE_STANDARD = gnu17;
				GCC_NO_COMMON_BLOCKS = YES;
				GCC_WARN_64_TO_32_BIT_CONVERSION = YES;
				GCC_WARN_ABOUT_RETURN_TYPE = YES_ERROR;
				GCC_WARN_UNDECLARED_SELECTOR = YES;
				GCC_WARN_UNINITIALIZED_AUTOS = YES_AGGRESSIVE;
				GCC_WARN_UNUSED_FUNCTION = YES;
				GCC_WARN_UNUSED_VARIABLE = YES;
				IPHONEOS_DEPLOYMENT_TARGET = 17.0;
				LOCALIZATION_PREFERS_STRING_CATALOGS = YES;
				MTL_ENABLE_DEBUG_INFO = NO;
				MTL_FAST_MATH = YES;
				SDKROOT = iphoneos;
				SWIFT_COMPILATION_MODE = wholemodule;
				VALIDATE_PRODUCT = YES;
			};
			name = Release;
		};
		87CF1D532B1811C000F279D2 /* Debug */ = {
			isa = XCBuildConfiguration;
			buildSettings = {
				ASSETCATALOG_COMPILER_APPICON_NAME = AppIcon;
				ASSETCATALOG_COMPILER_GLOBAL_ACCENT_COLOR_NAME = AccentColor;
				ASSETCATALOG_COMPILER_INCLUDE_ALL_APPICON_ASSETS = NO;
				CODE_SIGN_STYLE = Automatic;
				CURRENT_PROJECT_VERSION = 1;
				DEVELOPMENT_ASSET_PATHS = "\"ZeroInboxV2/Preview Content\"";
				DEVELOPMENT_TEAM = A7486KUFUQ;
				ENABLE_PREVIEWS = YES;
				GENERATE_INFOPLIST_FILE = YES;
				INFOPLIST_KEY_CFBundleDisplayName = InboxZ;
				INFOPLIST_KEY_LSApplicationCategoryType = "public.app-category.productivity";
				INFOPLIST_KEY_NSFaceIDUsageDescription = "Allow FaceID to log into the app";
				INFOPLIST_KEY_UIApplicationSceneManifest_Generation = YES;
				INFOPLIST_KEY_UIApplicationSupportsIndirectInputEvents = YES;
				INFOPLIST_KEY_UILaunchScreen_Generation = YES;
				INFOPLIST_KEY_UISupportedInterfaceOrientations = UIInterfaceOrientationPortrait;
				INFOPLIST_KEY_UISupportedInterfaceOrientations_iPad = "UIInterfaceOrientationLandscapeLeft UIInterfaceOrientationLandscapeRight UIInterfaceOrientationPortrait UIInterfaceOrientationPortraitUpsideDown";
				IPHONEOS_DEPLOYMENT_TARGET = 16.6;
				LD_RUNPATH_SEARCH_PATHS = (
					"$(inherited)",
					"@executable_path/Frameworks",
				);
				MARKETING_VERSION = 1.0.1;
				PRODUCT_BUNDLE_IDENTIFIER = com.trung.ZeroInboxV2;
				PRODUCT_NAME = "$(TARGET_NAME)";
				SUPPORTED_PLATFORMS = "iphoneos iphonesimulator";
				SUPPORTS_MACCATALYST = NO;
				SUPPORTS_MAC_DESIGNED_FOR_IPHONE_IPAD = NO;
				SWIFT_EMIT_LOC_STRINGS = YES;
				SWIFT_VERSION = 5.0;
				TARGETED_DEVICE_FAMILY = 1;
			};
			name = Debug;
		};
		87CF1D542B1811C000F279D2 /* Release */ = {
			isa = XCBuildConfiguration;
			buildSettings = {
				ASSETCATALOG_COMPILER_APPICON_NAME = AppIcon;
				ASSETCATALOG_COMPILER_GLOBAL_ACCENT_COLOR_NAME = AccentColor;
				ASSETCATALOG_COMPILER_INCLUDE_ALL_APPICON_ASSETS = NO;
				CODE_SIGN_STYLE = Automatic;
				CURRENT_PROJECT_VERSION = 1;
				DEVELOPMENT_ASSET_PATHS = "\"ZeroInboxV2/Preview Content\"";
				DEVELOPMENT_TEAM = A7486KUFUQ;
				ENABLE_PREVIEWS = YES;
				GENERATE_INFOPLIST_FILE = YES;
				INFOPLIST_KEY_CFBundleDisplayName = InboxZ;
				INFOPLIST_KEY_LSApplicationCategoryType = "public.app-category.productivity";
				INFOPLIST_KEY_NSFaceIDUsageDescription = "Allow FaceID to log into the app";
				INFOPLIST_KEY_UIApplicationSceneManifest_Generation = YES;
				INFOPLIST_KEY_UIApplicationSupportsIndirectInputEvents = YES;
				INFOPLIST_KEY_UILaunchScreen_Generation = YES;
				INFOPLIST_KEY_UISupportedInterfaceOrientations = UIInterfaceOrientationPortrait;
				INFOPLIST_KEY_UISupportedInterfaceOrientations_iPad = "UIInterfaceOrientationLandscapeLeft UIInterfaceOrientationLandscapeRight UIInterfaceOrientationPortrait UIInterfaceOrientationPortraitUpsideDown";
				IPHONEOS_DEPLOYMENT_TARGET = 16.6;
				LD_RUNPATH_SEARCH_PATHS = (
					"$(inherited)",
					"@executable_path/Frameworks",
				);
				MARKETING_VERSION = 1.0.1;
				PRODUCT_BUNDLE_IDENTIFIER = com.trung.ZeroInboxV2;
				PRODUCT_NAME = "$(TARGET_NAME)";
				SUPPORTED_PLATFORMS = "iphoneos iphonesimulator";
				SUPPORTS_MACCATALYST = NO;
				SUPPORTS_MAC_DESIGNED_FOR_IPHONE_IPAD = NO;
				SWIFT_EMIT_LOC_STRINGS = YES;
				SWIFT_VERSION = 5.0;
				TARGETED_DEVICE_FAMILY = 1;
			};
			name = Release;
		};
/* End XCBuildConfiguration section */

/* Begin XCConfigurationList section */
		87CF1D3F2B1811BF00F279D2 /* Build configuration list for PBXProject "ZeroInboxV2" */ = {
			isa = XCConfigurationList;
			buildConfigurations = (
				87CF1D502B1811C000F279D2 /* Debug */,
				87CF1D512B1811C000F279D2 /* Release */,
			);
			defaultConfigurationIsVisible = 0;
			defaultConfigurationName = Release;
		};
		87CF1D522B1811C000F279D2 /* Build configuration list for PBXNativeTarget "ZeroInboxV2" */ = {
			isa = XCConfigurationList;
			buildConfigurations = (
				87CF1D532B1811C000F279D2 /* Debug */,
				87CF1D542B1811C000F279D2 /* Release */,
			);
			defaultConfigurationIsVisible = 0;
			defaultConfigurationName = Release;
		};
/* End XCConfigurationList section */

/* Begin XCVersionGroup section */
		87CF1D612B1812E100F279D2 /* ZeroInbox.xcdatamodeld */ = {
			isa = XCVersionGroup;
			children = (
				87CF1D622B1812E100F279D2 /* ZeroInbox.xcdatamodel */,
			);
			currentVersion = 87CF1D622B1812E100F279D2 /* ZeroInbox.xcdatamodel */;
			path = ZeroInbox.xcdatamodeld;
			sourceTree = "<group>";
			versionGroupType = wrapper.xcdatamodel;
		};
/* End XCVersionGroup section */
	};
	rootObject = 87CF1D3C2B1811BF00F279D2 /* Project object */;
}
